
Microsoft Visual Studio Solution File, Format Version 12.00
# Visual Studio Version 17
VisualStudioVersion = 17.13.35818.85
MinimumVisualStudioVersion = 10.0.40219.1
Project("{FAE04EC0-301F-11D3-BF4B-00C04F79EFBC}") = "RMSRazorPage", "RMSRazorPage\RMSRazorPage.csproj", "{483CA944-5731-425D-8EF7-F62F126F00AD}"
EndProject
Global
	GlobalSection(SolutionConfigurationPlatforms) = preSolution
		Debug|Any CPU = Debug|Any CPU
		Release|Any CPU = Release|Any CPU
	EndGlobalSection
	GlobalSection(ProjectConfigurationPlatforms) = postSolution
		{483CA944-5731-425D-8EF7-F62F126F00AD}.Debug|Any CPU.ActiveCfg = Debug|Any CPU
		{483CA944-5731-425D-8EF7-F62F126F00AD}.Debug|Any CPU.Build.0 = Debug|Any CPU
		{483CA944-5731-425D-8EF7-F62F126F00AD}.Release|Any CPU.ActiveCfg = Release|Any CPU
		{483CA944-5731-425D-8EF7-F62F126F00AD}.Release|Any CPU.Build.0 = Release|Any CPU
	EndGlobalSection
	GlobalSection(SolutionProperties) = preSolution
		HideSolutionNode = FALSE
	EndGlobalSection
	GlobalSection(ExtensibilityGlobals) = postSolution
		SolutionGuid = {005918DE-0394-48D0-8854-1A8E76579D5C}
	EndGlobalSection
EndGlobal
